
Microsoft Visual Studio Solution File, Format Version 12.00
# Visual Studio Version 16
VisualStudioVersion = 16.0.29215.179
MinimumVisualStudioVersion = 10.0.40219.1
Project("{9A19103F-16F7-4668-BE54-9A1E7A4F7556}") = "Sample", "Sample\Sample.csproj", "{552057AB-2787-4792-A86A-C1D5EB297078}"
EndProject
Project("{9A19103F-16F7-4668-BE54-9A1E7A4F7556}") = "DataProtectionPostgresPersist", "DataProtectionPostgresPersist\DataProtectionPostgresPersist.csproj", "{C27C6B45-F65C-4179-A47A-7A0DAE5FFB6F}"
EndProject
Global
	GlobalSection(SolutionConfigurationPlatforms) = preSolution
		Debug|Any CPU = Debug|Any CPU
		Release|Any CPU = Release|Any CPU
	EndGlobalSection
	GlobalSection(ProjectConfigurationPlatforms) = postSolution
		{552057AB-2787-4792-A86A-C1D5EB297078}.Debug|Any CPU.ActiveCfg = Debug|Any CPU
		{552057AB-2787-4792-A86A-C1D5EB297078}.Debug|Any CPU.Build.0 = Debug|Any CPU
		{552057AB-2787-4792-A86A-C1D5EB297078}.Release|Any CPU.ActiveCfg = Release|Any CPU
		{552057AB-2787-4792-A86A-C1D5EB297078}.Release|Any CPU.Build.0 = Release|Any CPU
		{C27C6B45-F65C-4179-A47A-7A0DAE5FFB6F}.Debug|Any CPU.ActiveCfg = Debug|Any CPU
		{C27C6B45-F65C-4179-A47A-7A0DAE5FFB6F}.Debug|Any CPU.Build.0 = Debug|Any CPU
		{C27C6B45-F65C-4179-A47A-7A0DAE5FFB6F}.Release|Any CPU.ActiveCfg = Release|Any CPU
		{C27C6B45-F65C-4179-A47A-7A0DAE5FFB6F}.Release|Any CPU.Build.0 = Release|Any CPU
	EndGlobalSection
	GlobalSection(SolutionProperties) = preSolution
		HideSolutionNode = FALSE
	EndGlobalSection
	GlobalSection(ExtensibilityGlobals) = postSolution
		SolutionGuid = {AE4AD7D5-25F6-46A7-870A-56E5F74DA84B}
	EndGlobalSection
EndGlobal
